
Microsoft Visual Studio Solution File, Format Version 12.00
# Visual Studio Version 16
VisualStudioVersion = 16.0.30225.117
MinimumVisualStudioVersion = 10.0.40219.1
Project("{F14B399A-7131-4C87-9E4B-1186C45EF12D}") = "SQLDashboard", "SQLDashboard\SQLDashboard.rptproj", "{5D324822-33E6-4978-9674-B68BA28D2F8D}"
EndProject
Project("{2150E333-8FDC-42A3-9474-1A3956D46DE8}") = "Solution Items", "Solution Items", "{E46B18D3-67A3-42BF-961F-042E17C560C8}"
	ProjectSection(SolutionItems) = preProject
		Working with tempdb in SQL Server 2005 - Microsoft Docs.url = Working with tempdb in SQL Server 2005 - Microsoft Docs.url
	EndProjectSection
EndProject
Project("{2150E333-8FDC-42A3-9474-1A3956D46DE8}") = "Query", "Query", "{D98CBEAF-B348-443F-B17C-AC2A8B8212DD}"
	ProjectSection(SolutionItems) = preProject
		Query\DatabaseUsage.sql = Query\DatabaseUsage.sql
		Query\ServerDashboard.sql = Query\ServerDashboard.sql
		Query\TempdbDashboard.sql = Query\TempdbDashboard.sql
		Query\UserDashboard.sql = Query\UserDashboard.sql
	EndProjectSection
EndProject
Global
	GlobalSection(SolutionConfigurationPlatforms) = preSolution
		Debug|Default = Debug|Default
		DebugLocal|Default = DebugLocal|Default
		Release|Default = Release|Default
	EndGlobalSection
	GlobalSection(ProjectConfigurationPlatforms) = postSolution
		{5D324822-33E6-4978-9674-B68BA28D2F8D}.Debug|Default.ActiveCfg = Debug
		{5D324822-33E6-4978-9674-B68BA28D2F8D}.Debug|Default.Build.0 = Debug
		{5D324822-33E6-4978-9674-B68BA28D2F8D}.Debug|Default.Deploy.0 = Debug
		{5D324822-33E6-4978-9674-B68BA28D2F8D}.DebugLocal|Default.ActiveCfg = DebugLocal
		{5D324822-33E6-4978-9674-B68BA28D2F8D}.DebugLocal|Default.Build.0 = DebugLocal
		{5D324822-33E6-4978-9674-B68BA28D2F8D}.Release|Default.ActiveCfg = Release
		{5D324822-33E6-4978-9674-B68BA28D2F8D}.Release|Default.Build.0 = Release
		{5D324822-33E6-4978-9674-B68BA28D2F8D}.Release|Default.Deploy.0 = Release
	EndGlobalSection
	GlobalSection(SolutionProperties) = preSolution
		HideSolutionNode = FALSE
	EndGlobalSection
	GlobalSection(NestedProjects) = preSolution
		{D98CBEAF-B348-443F-B17C-AC2A8B8212DD} = {E46B18D3-67A3-42BF-961F-042E17C560C8}
	EndGlobalSection
	GlobalSection(ExtensibilityGlobals) = postSolution
		SolutionGuid = {E1519155-0D9B-4B29-BFB4-878667478413}
	EndGlobalSection
EndGlobal
